PODS:
  - BoneKit (0.2.0):
    - PromiseKit (~> 4.4)
  - PromiseKit (4.4.0):
    - PromiseKit/Foundation (= 4.4.0)
    - PromiseKit/QuartzCore (= 4.4.0)
    - PromiseKit/UIKit (= 4.4.0)
  - PromiseKit/CorePromise (4.4.0)
  - PromiseKit/Foundation (4.4.0):
    - PromiseKit/CorePromise
  - PromiseKit/QuartzCore (4.4.0):
    - PromiseKit/CorePromise
  - PromiseKit/UIKit (4.4.0):
    - PromiseKit/CorePromise

DEPENDENCIES:
  - BoneKit (from `../`)

EXTERNAL SOURCES:
  BoneKit:
    :path: ../

SPEC CHECKSUMS:
  BoneKit: d5f6e8258b571a179991338b5c346bd27676ddcc
  PromiseKit: ecf5fe92275d57ee77c9ede858af47a162e9b97e

PODFILE CHECKSUM: b92a89b8603b2510347e10b9dd808c4cc5e32e1c

COCOAPODS: 1.4.0
