PODS:
  - BoneKit (0.1.0):
    - PromiseKit (~> 4.4)
  - PromiseKit (4.4.0):
    - PromiseKit/Foundation (= 4.4.0)
    - PromiseKit/QuartzCore (= 4.4.0)
    - PromiseKit/UIKit (= 4.4.0)
  - PromiseKit/CorePromise (4.4.0)
  - PromiseKit/Foundation (4.4.0):
    - PromiseKit/CorePromise
  - PromiseKit/QuartzCore (4.4.0):
    - PromiseKit/CorePromise
  - PromiseKit/UIKit (4.4.0):
    - PromiseKit/CorePromise

DEPENDENCIES:
  - BoneKit (from `../`)

EXTERNAL SOURCES:
  BoneKit:
    :path: ../

SPEC CHECKSUMS:
  BoneKit: 2491b8d3e2d484337b6af95d30c0a4745d2bd979
  PromiseKit: ecf5fe92275d57ee77c9ede858af47a162e9b97e

PODFILE CHECKSUM: 7acd8f487e58e5a3e89548efaf46e37ccdc75f9b

COCOAPODS: 1.2.1
